
Microsoft Visual Studio Solution File, Format Version 12.00
# Visual Studio Version 17
VisualStudioVersion = 17.14.36301.6 d17.14
MinimumVisualStudioVersion = 10.0.40219.1
Project("{FAE04EC0-301F-11D3-BF4B-00C04F79EFBC}") = "ThePoint", "ThePoint.csproj", "{B5E72A7D-E468-4F50-AF9A-957A0B5854D3}"
EndProject
Global
	GlobalSection(SolutionConfigurationPlatforms) = preSolution
		Debug|Any CPU = Debug|Any CPU
		Release|Any CPU = Release|Any CPU
	EndGlobalSection
	GlobalSection(ProjectConfigurationPlatforms) = postSolution
		{B5E72A7D-E468-4F50-AF9A-957A0B5854D3}.Debug|Any CPU.ActiveCfg = Debug|Any CPU
		{B5E72A7D-E468-4F50-AF9A-957A0B5854D3}.Debug|Any CPU.Build.0 = Debug|Any CPU
		{B5E72A7D-E468-4F50-AF9A-957A0B5854D3}.Release|Any CPU.ActiveCfg = Release|Any CPU
		{B5E72A7D-E468-4F50-AF9A-957A0B5854D3}.Release|Any CPU.Build.0 = Release|Any CPU
	EndGlobalSection
	GlobalSection(SolutionProperties) = preSolution
		HideSolutionNode = FALSE
	EndGlobalSection
	GlobalSection(ExtensibilityGlobals) = postSolution
		SolutionGuid = {1D5AB980-059C-4B67-A0C9-177C087703A3}
	EndGlobalSection
EndGlobal
